
Microsoft Visual Studio Solution File, Format Version 12.00
# Visual Studio 2012
Project("{2150E333-8FDC-42A3-9474-1A3956D46DE8}") = "Sample", "Sample", "{9DBF46BD-14E8-49D1-8406-FEA9F4E55F01}"
EndProject
Project("{FAE04EC0-301F-11D3-BF4B-00C04F79EFBC}") = "Client", "Sample\Client\Client.csproj", "{C5CD98E3-82B5-4E62-B19A-4B09FCAE3CAB}"
EndProject
Project("{FAE04EC0-301F-11D3-BF4B-00C04F79EFBC}") = "Server", "Sample\Server\Server.csproj", "{C2AEFD46-1807-46DB-A4DF-982A3F328074}"
EndProject
Project("{FAE04EC0-301F-11D3-BF4B-00C04F79EFBC}") = "Pi.Editor", "Pi.Editor\Pi.Editor.csproj", "{2A592207-EA29-4620-814E-DCEC9F942DF7}"
EndProject
Project("{2150E333-8FDC-42A3-9474-1A3956D46DE8}") = ".nuget", ".nuget", "{C7D65A3B-CD3E-4327-AF80-F829E298A6FE}"
	ProjectSection(SolutionItems) = preProject
		.nuget\NuGet.Config = .nuget\NuGet.Config
		.nuget\NuGet.exe = .nuget\NuGet.exe
		.nuget\NuGet.targets = .nuget\NuGet.targets
	EndProjectSection
EndProject
Project("{FAE04EC0-301F-11D3-BF4B-00C04F79EFBC}") = "Pi.Framework45", "Pi.Framework\Pi.Framework45.csproj", "{5EEADFDF-C70B-468C-9F25-1B83D1218CCB}"
EndProject
Project("{FAE04EC0-301F-11D3-BF4B-00C04F79EFBC}") = "Pi.Framework35", "Pi.Framework\Pi.Framework35.csproj", "{237260B0-6DB3-4245-8C08-3E0870A0A71E}"
EndProject
Global
	GlobalSection(SolutionConfigurationPlatforms) = preSolution
		Debug|Any CPU = Debug|Any CPU
		Debug|Mixed Platforms = Debug|Mixed Platforms
		Debug|x64 = Debug|x64
		Debug|x86 = Debug|x86
		Release|Any CPU = Release|Any CPU
		Release|Mixed Platforms = Release|Mixed Platforms
		Release|x64 = Release|x64
		Release|x86 = Release|x86
	EndGlobalSection
	GlobalSection(ProjectConfigurationPlatforms) = postSolution
		{C5CD98E3-82B5-4E62-B19A-4B09FCAE3CAB}.Debug|Any CPU.ActiveCfg = Debug|Any CPU
		{C5CD98E3-82B5-4E62-B19A-4B09FCAE3CAB}.Debug|Any CPU.Build.0 = Debug|Any CPU
		{C5CD98E3-82B5-4E62-B19A-4B09FCAE3CAB}.Debug|Mixed Platforms.ActiveCfg = Debug|Any CPU
		{C5CD98E3-82B5-4E62-B19A-4B09FCAE3CAB}.Debug|Mixed Platforms.Build.0 = Debug|Any CPU
		{C5CD98E3-82B5-4E62-B19A-4B09FCAE3CAB}.Debug|x64.ActiveCfg = Debug|Any CPU
		{C5CD98E3-82B5-4E62-B19A-4B09FCAE3CAB}.Debug|x86.ActiveCfg = Debug|Any CPU
		{C5CD98E3-82B5-4E62-B19A-4B09FCAE3CAB}.Release|Any CPU.ActiveCfg = Release|Any CPU
		{C5CD98E3-82B5-4E62-B19A-4B09FCAE3CAB}.Release|Any CPU.Build.0 = Release|Any CPU
		{C5CD98E3-82B5-4E62-B19A-4B09FCAE3CAB}.Release|Mixed Platforms.ActiveCfg = Release|Any CPU
		{C5CD98E3-82B5-4E62-B19A-4B09FCAE3CAB}.Release|Mixed Platforms.Build.0 = Release|Any CPU
		{C5CD98E3-82B5-4E62-B19A-4B09FCAE3CAB}.Release|x64.ActiveCfg = Release|Any CPU
		{C5CD98E3-82B5-4E62-B19A-4B09FCAE3CAB}.Release|x86.ActiveCfg = Release|Any CPU
		{C2AEFD46-1807-46DB-A4DF-982A3F328074}.Debug|Any CPU.ActiveCfg = Debug|Any CPU
		{C2AEFD46-1807-46DB-A4DF-982A3F328074}.Debug|Any CPU.Build.0 = Debug|Any CPU
		{C2AEFD46-1807-46DB-A4DF-982A3F328074}.Debug|Mixed Platforms.ActiveCfg = Debug|Any CPU
		{C2AEFD46-1807-46DB-A4DF-982A3F328074}.Debug|Mixed Platforms.Build.0 = Debug|Any CPU
		{C2AEFD46-1807-46DB-A4DF-982A3F328074}.Debug|x64.ActiveCfg = Debug|Any CPU
		{C2AEFD46-1807-46DB-A4DF-982A3F328074}.Debug|x86.ActiveCfg = Debug|Any CPU
		{C2AEFD46-1807-46DB-A4DF-982A3F328074}.Release|Any CPU.ActiveCfg = Release|Any CPU
		{C2AEFD46-1807-46DB-A4DF-982A3F328074}.Release|Any CPU.Build.0 = Release|Any CPU
		{C2AEFD46-1807-46DB-A4DF-982A3F328074}.Release|Mixed Platforms.ActiveCfg = Release|Any CPU
		{C2AEFD46-1807-46DB-A4DF-982A3F328074}.Release|Mixed Platforms.Build.0 = Release|Any CPU
		{C2AEFD46-1807-46DB-A4DF-982A3F328074}.Release|x64.ActiveCfg = Release|Any CPU
		{C2AEFD46-1807-46DB-A4DF-982A3F328074}.Release|x86.ActiveCfg = Release|Any CPU
		{2A592207-EA29-4620-814E-DCEC9F942DF7}.Debug|Any CPU.ActiveCfg = Debug|Any CPU
		{2A592207-EA29-4620-814E-DCEC9F942DF7}.Debug|Any CPU.Build.0 = Debug|Any CPU
		{2A592207-EA29-4620-814E-DCEC9F942DF7}.Debug|Mixed Platforms.ActiveCfg = Debug|Any CPU
		{2A592207-EA29-4620-814E-DCEC9F942DF7}.Debug|Mixed Platforms.Build.0 = Debug|Any CPU
		{2A592207-EA29-4620-814E-DCEC9F942DF7}.Debug|x64.ActiveCfg = Debug|Any CPU
		{2A592207-EA29-4620-814E-DCEC9F942DF7}.Debug|x86.ActiveCfg = Debug|Any CPU
		{2A592207-EA29-4620-814E-DCEC9F942DF7}.Release|Any CPU.ActiveCfg = Release|Any CPU
		{2A592207-EA29-4620-814E-DCEC9F942DF7}.Release|Any CPU.Build.0 = Release|Any CPU
		{2A592207-EA29-4620-814E-DCEC9F942DF7}.Release|Mixed Platforms.ActiveCfg = Release|Any CPU
		{2A592207-EA29-4620-814E-DCEC9F942DF7}.Release|Mixed Platforms.Build.0 = Release|Any CPU
		{2A592207-EA29-4620-814E-DCEC9F942DF7}.Release|x64.ActiveCfg = Release|Any CPU
		{2A592207-EA29-4620-814E-DCEC9F942DF7}.Release|x86.ActiveCfg = Release|Any CPU
		{5EEADFDF-C70B-468C-9F25-1B83D1218CCB}.Debug|Any CPU.ActiveCfg = Debug|Any CPU
		{5EEADFDF-C70B-468C-9F25-1B83D1218CCB}.Debug|Any CPU.Build.0 = Debug|Any CPU
		{5EEADFDF-C70B-468C-9F25-1B83D1218CCB}.Debug|Mixed Platforms.ActiveCfg = Debug|Any CPU
		{5EEADFDF-C70B-468C-9F25-1B83D1218CCB}.Debug|Mixed Platforms.Build.0 = Debug|Any CPU
		{5EEADFDF-C70B-468C-9F25-1B83D1218CCB}.Debug|x64.ActiveCfg = Debug|Any CPU
		{5EEADFDF-C70B-468C-9F25-1B83D1218CCB}.Debug|x86.ActiveCfg = Debug|Any CPU
		{5EEADFDF-C70B-468C-9F25-1B83D1218CCB}.Release|Any CPU.ActiveCfg = Release|Any CPU
		{5EEADFDF-C70B-468C-9F25-1B83D1218CCB}.Release|Any CPU.Build.0 = Release|Any CPU
		{5EEADFDF-C70B-468C-9F25-1B83D1218CCB}.Release|Mixed Platforms.ActiveCfg = Release|Any CPU
		{5EEADFDF-C70B-468C-9F25-1B83D1218CCB}.Release|Mixed Platforms.Build.0 = Release|Any CPU
		{5EEADFDF-C70B-468C-9F25-1B83D1218CCB}.Release|x64.ActiveCfg = Release|Any CPU
		{5EEADFDF-C70B-468C-9F25-1B83D1218CCB}.Release|x86.ActiveCfg = Release|Any CPU
		{237260B0-6DB3-4245-8C08-3E0870A0A71E}.Debug|Any CPU.ActiveCfg = Debug|Any CPU
		{237260B0-6DB3-4245-8C08-3E0870A0A71E}.Debug|Any CPU.Build.0 = Debug|Any CPU
		{237260B0-6DB3-4245-8C08-3E0870A0A71E}.Debug|Mixed Platforms.ActiveCfg = Debug|Any CPU
		{237260B0-6DB3-4245-8C08-3E0870A0A71E}.Debug|Mixed Platforms.Build.0 = Debug|Any CPU
		{237260B0-6DB3-4245-8C08-3E0870A0A71E}.Debug|x64.ActiveCfg = Debug|Any CPU
		{237260B0-6DB3-4245-8C08-3E0870A0A71E}.Debug|x86.ActiveCfg = Debug|Any CPU
		{237260B0-6DB3-4245-8C08-3E0870A0A71E}.Release|Any CPU.ActiveCfg = Release|Any CPU
		{237260B0-6DB3-4245-8C08-3E0870A0A71E}.Release|Any CPU.Build.0 = Release|Any CPU
		{237260B0-6DB3-4245-8C08-3E0870A0A71E}.Release|Mixed Platforms.ActiveCfg = Release|Any CPU
		{237260B0-6DB3-4245-8C08-3E0870A0A71E}.Release|Mixed Platforms.Build.0 = Release|Any CPU
		{237260B0-6DB3-4245-8C08-3E0870A0A71E}.Release|x64.ActiveCfg = Release|Any CPU
		{237260B0-6DB3-4245-8C08-3E0870A0A71E}.Release|x86.ActiveCfg = Release|Any CPU
	EndGlobalSection
	GlobalSection(SolutionProperties) = preSolution
		HideSolutionNode = FALSE
	EndGlobalSection
	GlobalSection(NestedProjects) = preSolution
		{C5CD98E3-82B5-4E62-B19A-4B09FCAE3CAB} = {9DBF46BD-14E8-49D1-8406-FEA9F4E55F01}
		{C2AEFD46-1807-46DB-A4DF-982A3F328074} = {9DBF46BD-14E8-49D1-8406-FEA9F4E55F01}
	EndGlobalSection
EndGlobal
